# This file is automatically @generated by Cargo.
# It is not intended for manual editing.
version = 3

[[package]]
name = "autocfg"
version = "1.0.1"
source = "registry+https://github.com/rust-lang/crates.io-index"
checksum = "cdb031dd78e28731d87d56cc8ffef4a8f36ca26c38fe2de700543e627f8a464a"

[[package]]
name = "c2rust-bitfields"
version = "0.3.0"
source = "registry+https://github.com/rust-lang/crates.io-index"
checksum = "eb34f0c0ace43530b2df7f18bc69ee0c4082158aa451ece29602f8c841e73764"
dependencies = [
 "c2rust-bitfields-derive",
]

[[package]]
name = "c2rust-bitfields-derive"
version = "0.2.1"
source = "registry+https://github.com/rust-lang/crates.io-index"
checksum = "3dd1601a7b828ab874d890e5a895563ca8ad485bdd3d2a359f148c8b72537241"
dependencies = [
 "proc-macro2",
 "quote",
 "syn",
]

[[package]]
name = "cc"
version = "1.0.71"
source = "registry+https://github.com/rust-lang/crates.io-index"
checksum = "79c2681d6594606957bbb8631c4b90a7fcaaa72cdb714743a437b156d6a7eedd"

[[package]]
name = "f128"
version = "0.2.9"
source = "registry+https://github.com/rust-lang/crates.io-index"
checksum = "0b7d29530784c8b9e49eccb10c95abc69ac72e9e7eb29cb2649b13e08f766d2c"
dependencies = [
 "f128_input",
 "f128_internal",
 "libc",
 "num-traits",
]

[[package]]
name = "f128_input"
version = "0.2.1"
source = "registry+https://github.com/rust-lang/crates.io-index"
checksum = "18a821a6f74745607a8c99c932a8f513e6e7d6ee63725ec95511edf4a94510bb"
dependencies = [
 "f128_internal",
]

[[package]]
name = "f128_internal"
version = "0.2.2"
source = "registry+https://github.com/rust-lang/crates.io-index"
checksum = "9708a33de3cda4e6636670c1af561635fe249cb817dda1a14ec18fe9dda0a99d"
dependencies = [
 "cc",
 "libc",
 "num-traits",
]

[[package]]
name = "libc"
version = "0.2.105"
source = "registry+https://github.com/rust-lang/crates.io-index"
checksum = "869d572136620d55835903746bcb5cdc54cb2851fd0aeec53220b4bb65ef3013"

[[package]]
name = "num-traits"
version = "0.2.14"
source = "registry+https://github.com/rust-lang/crates.io-index"
checksum = "9a64b1ec5cda2586e284722486d802acf1f7dbdc623e2bfc57e65ca1cd099290"
dependencies = [
 "autocfg",
]

[[package]]
name = "proc-macro2"
version = "1.0.32"
source = "registry+https://github.com/rust-lang/crates.io-index"
checksum = "ba508cc11742c0dc5c1659771673afbab7a0efab23aa17e854cbab0837ed0b43"
dependencies = [
 "unicode-xid",
]

[[package]]
name = "quote"
version = "1.0.10"
source = "registry+https://github.com/rust-lang/crates.io-index"
checksum = "38bc8cc6a5f2e3655e0899c1b848643b2562f853f114bfec7be120678e3ace05"
dependencies = [
 "proc-macro2",
]

[[package]]
name = "rsqlite3"
version = "0.1.0"
dependencies = [
 "c2rust-bitfields",
 "f128",
 "libc",
 "num-traits",
]

[[package]]
name = "syn"
version = "1.0.81"
source = "registry+https://github.com/rust-lang/crates.io-index"
checksum = "f2afee18b8beb5a596ecb4a2dce128c719b4ba399d34126b9e4396e3f9860966"
dependencies = [
 "proc-macro2",
 "quote",
 "unicode-xid",
]

[[package]]
name = "unicode-xid"
version = "0.2.2"
source = "registry+https://github.com/rust-lang/crates.io-index"
checksum = "8ccb82d61f80a663efe1f787a51b16b5a51e3314d6ac365b08639f52387b33f3"
